github.com/Sidhant-Roymoulik/chess v0.0.0-20230228222007-d42e93e42b51 h1:YQo8f1Cl+CCvf+XhNmnqPiDaC7uyOABjV73c7bN8l1g=
github.com/Sidhant-Roymoulik/chess v0.0.0-20230228222007-d42e93e42b51/go.mod h1:nL4ntZeNlEaQ2x1JUbEtksoumZfMlsMiDbon1zwAUlo=
github.com/ajstarks/svgo v0.0.0-20200320125537-f189e35d30ca/go.mod h1:K08gAheRH3/J6wwsYMMT4xOr94bZjxIelGM0+d/wbFw=
