github.com/Sidhant-Roymoulik/chess v0.0.0-20221225005003-505bdb3b4c69 h1:TXwN6zNWzLKkJk5mbz4i1yQjrRc4iNaReaTEFgo9xcA=
github.com/Sidhant-Roymoulik/chess v0.0.0-20221225005003-505bdb3b4c69/go.mod h1:nL4ntZeNlEaQ2x1JUbEtksoumZfMlsMiDbon1zwAUlo=
github.com/ajstarks/svgo v0.0.0-20200320125537-f189e35d30ca/go.mod h1:K08gAheRH3/J6wwsYMMT4xOr94bZjxIelGM0+d/wbFw=
