github.com/Sidhant-Roymoulik/chess v0.0.0-20221126023427-53e1b723f0a3 h1:K9cqsxOR/8YgS+32BqjOt2uQ3NPg1Kgi0BcEEoJFkZM=
github.com/Sidhant-Roymoulik/chess v0.0.0-20221126023427-53e1b723f0a3/go.mod h1:nL4ntZeNlEaQ2x1JUbEtksoumZfMlsMiDbon1zwAUlo=
github.com/ajstarks/svgo v0.0.0-20200320125537-f189e35d30ca/go.mod h1:K08gAheRH3/J6wwsYMMT4xOr94bZjxIelGM0+d/wbFw=
